
Microsoft Visual Studio Solution File, Format Version 12.00
# Visual Studio Version 17
VisualStudioVersion = 17.1.32319.34
MinimumVisualStudioVersion = 10.0.40219.1
Project("{FAE04EC0-301F-11D3-BF4B-00C04F79EFBC}") = "MoneyManger.Android", "MoneyManger\MoneyManger.Android\MoneyManger.Android.csproj", "{0DE8A95B-1509-4A17-B5E6-5206D4B90DEB}"
EndProject
Project("{FAE04EC0-301F-11D3-BF4B-00C04F79EFBC}") = "MoneyManger.iOS", "MoneyManger\MoneyManger.iOS\MoneyManger.iOS.csproj", "{BBFA53F0-8C69-4CE4-9F52-090B45011921}"
EndProject
Project("{FAE04EC0-301F-11D3-BF4B-00C04F79EFBC}") = "MoneyManger", "MoneyManger\MoneyManger\MoneyManger.csproj", "{CC764042-17C0-4059-B8C4-6E0518C2082B}"
EndProject
Global
	GlobalSection(SolutionConfigurationPlatforms) = preSolution
		Debug|Any CPU = Debug|Any CPU
		Debug|iPhone = Debug|iPhone
		Debug|iPhoneSimulator = Debug|iPhoneSimulator
		Release|Any CPU = Release|Any CPU
		Release|iPhone = Release|iPhone
		Release|iPhoneSimulator = Release|iPhoneSimulator
	EndGlobalSection
	GlobalSection(ProjectConfigurationPlatforms) = postSolution
		{0DE8A95B-1509-4A17-B5E6-5206D4B90DEB}.Debug|Any CPU.ActiveCfg = Debug|Any CPU
		{0DE8A95B-1509-4A17-B5E6-5206D4B90DEB}.Debug|Any CPU.Build.0 = Debug|Any CPU
		{0DE8A95B-1509-4A17-B5E6-5206D4B90DEB}.Debug|Any CPU.Deploy.0 = Debug|Any CPU
		{0DE8A95B-1509-4A17-B5E6-5206D4B90DEB}.Debug|iPhone.ActiveCfg = Debug|Any CPU
		{0DE8A95B-1509-4A17-B5E6-5206D4B90DEB}.Debug|iPhone.Build.0 = Debug|Any CPU
		{0DE8A95B-1509-4A17-B5E6-5206D4B90DEB}.Debug|iPhone.Deploy.0 = Debug|Any CPU
		{0DE8A95B-1509-4A17-B5E6-5206D4B90DEB}.Debug|iPhoneSimulator.ActiveCfg = Debug|Any CPU
		{0DE8A95B-1509-4A17-B5E6-5206D4B90DEB}.Debug|iPhoneSimulator.Build.0 = Debug|Any CPU
		{0DE8A95B-1509-4A17-B5E6-5206D4B90DEB}.Debug|iPhoneSimulator.Deploy.0 = Debug|Any CPU
		{0DE8A95B-1509-4A17-B5E6-5206D4B90DEB}.Release|Any CPU.ActiveCfg = Release|Any CPU
		{0DE8A95B-1509-4A17-B5E6-5206D4B90DEB}.Release|Any CPU.Build.0 = Release|Any CPU
		{0DE8A95B-1509-4A17-B5E6-5206D4B90DEB}.Release|Any CPU.Deploy.0 = Release|Any CPU
		{0DE8A95B-1509-4A17-B5E6-5206D4B90DEB}.Release|iPhone.ActiveCfg = Release|Any CPU
		{0DE8A95B-1509-4A17-B5E6-5206D4B90DEB}.Release|iPhone.Build.0 = Release|Any CPU
		{0DE8A95B-1509-4A17-B5E6-5206D4B90DEB}.Release|iPhone.Deploy.0 = Release|Any CPU
		{0DE8A95B-1509-4A17-B5E6-5206D4B90DEB}.Release|iPhoneSimulator.ActiveCfg = Release|Any CPU
		{0DE8A95B-1509-4A17-B5E6-5206D4B90DEB}.Release|iPhoneSimulator.Build.0 = Release|Any CPU
		{0DE8A95B-1509-4A17-B5E6-5206D4B90DEB}.Release|iPhoneSimulator.Deploy.0 = Release|Any CPU
		{BBFA53F0-8C69-4CE4-9F52-090B45011921}.Debug|Any CPU.ActiveCfg = Debug|iPhone
		{BBFA53F0-8C69-4CE4-9F52-090B45011921}.Debug|Any CPU.Build.0 = Debug|iPhone
		{BBFA53F0-8C69-4CE4-9F52-090B45011921}.Debug|Any CPU.Deploy.0 = Debug|iPhone
		{BBFA53F0-8C69-4CE4-9F52-090B45011921}.Debug|iPhone.ActiveCfg = Debug|iPhone
		{BBFA53F0-8C69-4CE4-9F52-090B45011921}.Debug|iPhone.Build.0 = Debug|iPhone
		{BBFA53F0-8C69-4CE4-9F52-090B45011921}.Debug|iPhone.Deploy.0 = Debug|iPhone
		{BBFA53F0-8C69-4CE4-9F52-090B45011921}.Debug|iPhoneSimulator.ActiveCfg = Debug|iPhoneSimulator
		{BBFA53F0-8C69-4CE4-9F52-090B45011921}.Debug|iPhoneSimulator.Build.0 = Debug|iPhoneSimulator
		{BBFA53F0-8C69-4CE4-9F52-090B45011921}.Debug|iPhoneSimulator.Deploy.0 = Debug|iPhoneSimulator
		{BBFA53F0-8C69-4CE4-9F52-090B45011921}.Release|Any CPU.ActiveCfg = Release|iPhoneSimulator
		{BBFA53F0-8C69-4CE4-9F52-090B45011921}.Release|Any CPU.Build.0 = Release|iPhoneSimulator
		{BBFA53F0-8C69-4CE4-9F52-090B45011921}.Release|Any CPU.Deploy.0 = Release|iPhoneSimulator
		{BBFA53F0-8C69-4CE4-9F52-090B45011921}.Release|iPhone.ActiveCfg = Release|iPhone
		{BBFA53F0-8C69-4CE4-9F52-090B45011921}.Release|iPhone.Build.0 = Release|iPhone
		{BBFA53F0-8C69-4CE4-9F52-090B45011921}.Release|iPhone.Deploy.0 = Release|iPhone
		{BBFA53F0-8C69-4CE4-9F52-090B45011921}.Release|iPhoneSimulator.ActiveCfg = Release|iPhoneSimulator
		{BBFA53F0-8C69-4CE4-9F52-090B45011921}.Release|iPhoneSimulator.Build.0 = Release|iPhoneSimulator
		{BBFA53F0-8C69-4CE4-9F52-090B45011921}.Release|iPhoneSimulator.Deploy.0 = Release|iPhoneSimulator
		{CC764042-17C0-4059-B8C4-6E0518C2082B}.Debug|Any CPU.ActiveCfg = Debug|Any CPU
		{CC764042-17C0-4059-B8C4-6E0518C2082B}.Debug|Any CPU.Build.0 = Debug|Any CPU
		{CC764042-17C0-4059-B8C4-6E0518C2082B}.Debug|Any CPU.Deploy.0 = Debug|Any CPU
		{CC764042-17C0-4059-B8C4-6E0518C2082B}.Debug|iPhone.ActiveCfg = Debug|Any CPU
		{CC764042-17C0-4059-B8C4-6E0518C2082B}.Debug|iPhone.Build.0 = Debug|Any CPU
		{CC764042-17C0-4059-B8C4-6E0518C2082B}.Debug|iPhone.Deploy.0 = Debug|Any CPU
		{CC764042-17C0-4059-B8C4-6E0518C2082B}.Debug|iPhoneSimulator.ActiveCfg = Debug|Any CPU
		{CC764042-17C0-4059-B8C4-6E0518C2082B}.Debug|iPhoneSimulator.Build.0 = Debug|Any CPU
		{CC764042-17C0-4059-B8C4-6E0518C2082B}.Debug|iPhoneSimulator.Deploy.0 = Debug|Any CPU
		{CC764042-17C0-4059-B8C4-6E0518C2082B}.Release|Any CPU.ActiveCfg = Release|Any CPU
		{CC764042-17C0-4059-B8C4-6E0518C2082B}.Release|Any CPU.Build.0 = Release|Any CPU
		{CC764042-17C0-4059-B8C4-6E0518C2082B}.Release|Any CPU.Deploy.0 = Release|Any CPU
		{CC764042-17C0-4059-B8C4-6E0518C2082B}.Release|iPhone.ActiveCfg = Release|Any CPU
		{CC764042-17C0-4059-B8C4-6E0518C2082B}.Release|iPhone.Build.0 = Release|Any CPU
		{CC764042-17C0-4059-B8C4-6E0518C2082B}.Release|iPhone.Deploy.0 = Release|Any CPU
		{CC764042-17C0-4059-B8C4-6E0518C2082B}.Release|iPhoneSimulator.ActiveCfg = Release|Any CPU
		{CC764042-17C0-4059-B8C4-6E0518C2082B}.Release|iPhoneSimulator.Build.0 = Release|Any CPU
		{CC764042-17C0-4059-B8C4-6E0518C2082B}.Release|iPhoneSimulator.Deploy.0 = Release|Any CPU
	EndGlobalSection
	GlobalSection(SolutionProperties) = preSolution
		HideSolutionNode = FALSE
	EndGlobalSection
	GlobalSection(ExtensibilityGlobals) = postSolution
		SolutionGuid = {2A9C3B5A-A4A7-4C08-9719-E9EB92AFFB77}
	EndGlobalSection
EndGlobal
